
Microsoft Visual Studio Solution File, Format Version 12.00
# Visual Studio Version 16
VisualStudioVersion = 16.0.30907.101
MinimumVisualStudioVersion = 10.0.40219.1
Project("{FAE04EC0-301F-11D3-BF4B-00C04F79EFBC}") = "Braveior.KubeAssist.Agent", "Braveior.KubeAssist.Agent\Braveior.KubeAssist.Agent.csproj", "{006A6BE7-01BA-4C21-8D65-7764049EAEE9}"
EndProject
Global
	GlobalSection(SolutionConfigurationPlatforms) = preSolution
		Debug|Any CPU = Debug|Any CPU
		Release|Any CPU = Release|Any CPU
	EndGlobalSection
	GlobalSection(ProjectConfigurationPlatforms) = postSolution
		{006A6BE7-01BA-4C21-8D65-7764049EAEE9}.Debug|Any CPU.ActiveCfg = Debug|Any CPU
		{006A6BE7-01BA-4C21-8D65-7764049EAEE9}.Debug|Any CPU.Build.0 = Debug|Any CPU
		{006A6BE7-01BA-4C21-8D65-7764049EAEE9}.Release|Any CPU.ActiveCfg = Release|Any CPU
		{006A6BE7-01BA-4C21-8D65-7764049EAEE9}.Release|Any CPU.Build.0 = Release|Any CPU
	EndGlobalSection
	GlobalSection(SolutionProperties) = preSolution
		HideSolutionNode = FALSE
	EndGlobalSection
	GlobalSection(ExtensibilityGlobals) = postSolution
		SolutionGuid = {711E07CE-FBB4-46CA-9E3B-060DAC405F76}
	EndGlobalSection
EndGlobal
