
Microsoft Visual Studio Solution File, Format Version 12.00
# Visual Studio Version 17
VisualStudioVersion = 17.0.31410.414
MinimumVisualStudioVersion = 10.0.40219.1
Project("{9A19103F-16F7-4668-BE54-9A1E7A4F7556}") = "Braveior.KubeAssist.Server", "Braveior.KubeAssist\Server\Braveior.KubeAssist.Server.csproj", "{C6861F81-E3B9-42D6-BCA5-93E33CBA5580}"
EndProject
Project("{9A19103F-16F7-4668-BE54-9A1E7A4F7556}") = "Braveior.KubeAssist.Client", "Braveior.KubeAssist\Client\Braveior.KubeAssist.Client.csproj", "{B797C1CB-15BB-4F2E-A570-3BD1BC86094E}"
EndProject
Global
	GlobalSection(SolutionConfigurationPlatforms) = preSolution
		Debug|Any CPU = Debug|Any CPU
		Release|Any CPU = Release|Any CPU
	EndGlobalSection
	GlobalSection(ProjectConfigurationPlatforms) = postSolution
		{C6861F81-E3B9-42D6-BCA5-93E33CBA5580}.Debug|Any CPU.ActiveCfg = Debug|Any CPU
		{C6861F81-E3B9-42D6-BCA5-93E33CBA5580}.Debug|Any CPU.Build.0 = Debug|Any CPU
		{C6861F81-E3B9-42D6-BCA5-93E33CBA5580}.Release|Any CPU.ActiveCfg = Release|Any CPU
		{C6861F81-E3B9-42D6-BCA5-93E33CBA5580}.Release|Any CPU.Build.0 = Release|Any CPU
		{B797C1CB-15BB-4F2E-A570-3BD1BC86094E}.Debug|Any CPU.ActiveCfg = Debug|Any CPU
		{B797C1CB-15BB-4F2E-A570-3BD1BC86094E}.Debug|Any CPU.Build.0 = Debug|Any CPU
		{B797C1CB-15BB-4F2E-A570-3BD1BC86094E}.Release|Any CPU.ActiveCfg = Release|Any CPU
		{B797C1CB-15BB-4F2E-A570-3BD1BC86094E}.Release|Any CPU.Build.0 = Release|Any CPU
	EndGlobalSection
	GlobalSection(SolutionProperties) = preSolution
		HideSolutionNode = FALSE
	EndGlobalSection
	GlobalSection(ExtensibilityGlobals) = postSolution
		SolutionGuid = {951404AA-93C7-470C-8671-A1716006654F}
	EndGlobalSection
EndGlobal
